// !$*UTF8*$!
{
	archiveVersion = 1;
	classes = {
	};
	objectVersion = 50;
	objects = {

/* Begin PBXBuildFile section */
		EDEC8A05223CB8D300FB301D /* Estructura.swift in Sources */ = {isa = PBXBuildFile; fileRef = EDEC8A04223CB8D300FB301D /* Estructura.swift */; };
		EDEC8A07223CC07000FB301D /* ThirdViewControler.swift in Sources */ = {isa = PBXBuildFile; fileRef = EDEC8A06223CC07000FB301D /* ThirdViewControler.swift */; };
		EDEC8A09223CC54500FB301D /* ListaCarro.swift in Sources */ = {isa = PBXBuildFile; fileRef = EDEC8A08223CC54500FB301D /* ListaCarro.swift */; };
		FAEC1CB8223ACF5E00515748 /* AppDelegate.swift in Sources */ = {isa = PBXBuildFile; fileRef = FAEC1CB7223ACF5E00515748 /* AppDelegate.swift */; };
		FAEC1CBA223ACF5E00515748 /* ViewController.swift in Sources */ = {isa = PBXBuildFile; fileRef = FAEC1CB9223ACF5E00515748 /* ViewController.swift */; };
		FAEC1CBD223ACF5E00515748 /* Main.storyboard in Resources */ = {isa = PBXBuildFile; fileRef = FAEC1CBB223ACF5E00515748 /* Main.storyboard */; };
		FAEC1CBF223ACF5F00515748 /* Assets.xcassets in Resources */ = {isa = PBXBuildFile; fileRef = FAEC1CBE223ACF5F00515748 /* Assets.xcassets */; };
		FAEC1CC2223ACF5F00515748 /* LaunchScreen.storyboard in Resources */ = {isa = PBXBuildFile; fileRef = FAEC1CC0223ACF5F00515748 /* LaunchScreen.storyboard */; };
		FAEC1CCA223AD00C00515748 /* SecondViewController.swift in Sources */ = {isa = PBXBuildFile; fileRef = FAEC1CC9223AD00C00515748 /* SecondViewController.swift */; };
/* End PBXBuildFile section */

/* Begin PBXFileReference section */
		EDEC8A04223CB8D300FB301D /* Estructura.swift */ = {isa = PBXFileReference; lastKnownFileType = sourcecode.swift; path = Estructura.swift; sourceTree = "<group>"; };
		EDEC8A06223CC07000FB301D /* ThirdViewControler.swift */ = {isa = PBXFileReference; lastKnownFileType = sourcecode.swift; path = ThirdViewControler.swift; sourceTree = "<group>"; };
		EDEC8A08223CC54500FB301D /* ListaCarro.swift */ = {isa = PBXFileReference; lastKnownFileType = sourcecode.swift; path = ListaCarro.swift; sourceTree = "<group>"; };
		FAEC1CB4223ACF5E00515748 /* ProyectoCM.app */ = {isa = PBXFileReference; explicitFileType = wrapper.application; includeInIndex = 0; path = ProyectoCM.app; sourceTree = BUILT_PRODUCTS_DIR; };
		FAEC1CB7223ACF5E00515748 /* AppDelegate.swift */ = {isa = PBXFileReference; lastKnownFileType = sourcecode.swift; path = AppDelegate.swift; sourceTree = "<group>"; };
		FAEC1CB9223ACF5E00515748 /* ViewController.swift */ = {isa = PBXFileReference; lastKnownFileType = sourcecode.swift; path = ViewController.swift; sourceTree = "<group>"; };
		FAEC1CBC223ACF5E00515748 /* Base */ = {isa = PBXFileReference; lastKnownFileType = file.storyboard; name = Base; path = Base.lproj/Main.storyboard; sourceTree = "<group>"; };
		FAEC1CBE223ACF5F00515748 /* Assets.xcassets */ = {isa = PBXFileReference; lastKnownFileType = folder.assetcatalog; path = Assets.xcassets; sourceTree = "<group>"; };
		FAEC1CC1223ACF5F00515748 /* Base */ = {isa = PBXFileReference; lastKnownFileType = file.storyboard; name = Base; path = Base.lproj/LaunchScreen.storyboard; sourceTree = "<group>"; };
		FAEC1CC3223ACF5F00515748 /* Info.plist */ = {isa = PBXFileReference; lastKnownFileType = text.plist.xml; path = Info.plist; sourceTree = "<group>"; };
		FAEC1CC9223AD00C00515748 /* SecondViewController.swift */ = {isa = PBXFileReference; lastKnownFileType = sourcecode.swift; path = SecondViewController.swift; sourceTree = "<group>"; };
/* End PBXFileReference section */

/* Begin PBXFrameworksBuildPhase section */
		FAEC1CB1223ACF5E00515748 /* Frameworks */ = {
			isa = PBXFrameworksBuildPhase;
			buildActionMask = 2147483647;
			files = (
			);
			runOnlyForDeploymentPostprocessing = 0;
		};
/* End PBXFrameworksBuildPhase section */

/* Begin PBXGroup section */
		FAEC1CAB223ACF5E00515748 = {
			isa = PBXGroup;
			children = (
				FAEC1CB6223ACF5E00515748 /* ProyectoCM */,
				FAEC1CB5223ACF5E00515748 /* Products */,
			);
			sourceTree = "<group>";
		};
		FAEC1CB5223ACF5E00515748 /* Products */ = {
			isa = PBXGroup;
			children = (
				FAEC1CB4223ACF5E00515748 /* ProyectoCM.app */,
			);
			name = Products;
			sourceTree = "<group>";
		};
		FAEC1CB6223ACF5E00515748 /* ProyectoCM */ = {
			isa = PBXGroup;
			children = (
				FAEC1CB7223ACF5E00515748 /* AppDelegate.swift */,
				FAEC1CB9223ACF5E00515748 /* ViewController.swift */,
				FAEC1CBB223ACF5E00515748 /* Main.storyboard */,
				EDEC8A06223CC07000FB301D /* ThirdViewControler.swift */,
				FAEC1CC9223AD00C00515748 /* SecondViewController.swift */,
				EDEC8A08223CC54500FB301D /* ListaCarro.swift */,
				EDEC8A04223CB8D300FB301D /* Estructura.swift */,
				FAEC1CBE223ACF5F00515748 /* Assets.xcassets */,
				FAEC1CC0223ACF5F00515748 /* LaunchScreen.storyboard */,
				FAEC1CC3223ACF5F00515748 /* Info.plist */,
			);
			path = ProyectoCM;
			sourceTree = "<group>";
		};
/* End PBXGroup section */

/* Begin PBXNativeTarget section */
		FAEC1CB3223ACF5E00515748 /* ProyectoCM */ = {
			isa = PBXNativeTarget;
			buildConfigurationList = FAEC1CC6223ACF5F00515748 /* Build configuration list for PBXNativeTarget "ProyectoCM" */;
			buildPhases = (
				FAEC1CB0223ACF5E00515748 /* Sources */,
				FAEC1CB1223ACF5E00515748 /* Frameworks */,
				FAEC1CB2223ACF5E00515748 /* Resources */,
			);
			buildRules = (
			);
			dependencies = (
			);
			name = ProyectoCM;
			productName = Proyecto3;
			productReference = FAEC1CB4223ACF5E00515748 /* ProyectoCM.app */;
			productType = "com.apple.product-type.application";
		};
/* End PBXNativeTarget section */

/* Begin PBXProject section */
		FAEC1CAC223ACF5E00515748 /* Project object */ = {
			isa = PBXProject;
			attributes = {
				LastSwiftUpdateCheck = 1010;
				LastUpgradeCheck = 1010;
				ORGANIZATIONNAME = Practica3;
				TargetAttributes = {
					FAEC1CB3223ACF5E00515748 = {
						CreatedOnToolsVersion = 10.1;
					};
				};
			};
			buildConfigurationList = FAEC1CAF223ACF5E00515748 /* Build configuration list for PBXProject "ProyectoCM" */;
			compatibilityVersion = "Xcode 9.3";
			developmentRegion = en;
			hasScannedForEncodings = 0;
			knownRegions = (
				en,
				Base,
			);
			mainGroup = FAEC1CAB223ACF5E00515748;
			productRefGroup = FAEC1CB5223ACF5E00515748 /* Products */;
			projectDirPath = "";
			projectRoot = "";
			targets = (
				FAEC1CB3223ACF5E00515748 /* ProyectoCM */,
			);
		};
/* End PBXProject section */

/* Begin PBXResourcesBuildPhase section */
		FAEC1CB2223ACF5E00515748 /* Resources */ = {
			isa = PBXResourcesBuildPhase;
			buildActionMask = 2147483647;
			files = (
				FAEC1CC2223ACF5F00515748 /* LaunchScreen.storyboard in Resources */,
				FAEC1CBF223ACF5F00515748 /* Assets.xcassets in Resources */,
				FAEC1CBD223ACF5E00515748 /* Main.storyboard in Resources */,
			);
			runOnlyForDeploymentPostprocessing = 0;
		};
/* End PBXResourcesBuildPhase section */

/* Begin PBXSourcesBuildPhase section */
		FAEC1CB0223ACF5E00515748 /* Sources */ = {
			isa = PBXSourcesBuildPhase;
			buildActionMask = 2147483647;
			files = (
				EDEC8A07223CC07000FB301D /* ThirdViewControler.swift in Sources */,
				EDEC8A09223CC54500FB301D /* ListaCarro.swift in Sources */,
				FAEC1CCA223AD00C00515748 /* SecondViewController.swift in Sources */,
				EDEC8A05223CB8D300FB301D /* Estructura.swift in Sources */,
				FAEC1CBA223ACF5E00515748 /* ViewController.swift in Sources */,
				FAEC1CB8223ACF5E00515748 /* AppDelegate.swift in Sources */,
			);
			runOnlyForDeploymentPostprocessing = 0;
		};
/* End PBXSourcesBuildPhase section */

/* Begin PBXVariantGroup section */
		FAEC1CBB223ACF5E00515748 /* Main.storyboard */ = {
			isa = PBXVariantGroup;
			children = (
				FAEC1CBC223ACF5E00515748 /* Base */,
			);
			name = Main.storyboard;
			sourceTree = "<group>";
		};
		FAEC1CC0223ACF5F00515748 /* LaunchScreen.storyboard */ = {
			isa = PBXVariantGroup;
			children = (
				FAEC1CC1223ACF5F00515748 /* Base */,
			);
			name = LaunchScreen.storyboard;
			sourceTree = "<group>";
		};
/* End PBXVariantGroup section */

/* Begin XCBuildConfiguration section */
		FAEC1CC4223ACF5F00515748 /* Debug */ = {
			isa = XCBuildConfiguration;
			buildSettings = {
				ALWAYS_SEARCH_USER_PATHS = NO;
				CLANG_ANALYZER_NONNULL = YES;
				CLANG_ANALYZER_NUMBER_OBJECT_CONVERSION = YES_AGGRESSIVE;
				CLANG_CXX_LANGUAGE_STANDARD = "gnu++14";
				CLANG_CXX_LIBRARY = "libc++";
				CLANG_ENABLE_MODULES = YES;
				CLANG_ENABLE_OBJC_ARC = YES;
				CLANG_ENABLE_OBJC_WEAK = YES;
				CLANG_WARN_BLOCK_CAPTURE_AUTORELEASING = YES;
				CLANG_WARN_BOOL_CONVERSION = YES;
				CLANG_WARN_COMMA = YES;
				CLANG_WARN_CONSTANT_CONVERSION = YES;
				CLANG_WARN_DEPRECATED_OBJC_IMPLEMENTATIONS = YES;
				CLANG_WARN_DIRECT_OBJC_ISA_USAGE = YES_ERROR;
				CLANG_WARN_DOCUMENTATION_COMMENTS = YES;
				CLANG_WARN_EMPTY_BODY = YES;
				CLANG_WARN_ENUM_CONVERSION = YES;
				CLANG_WARN_INFINITE_RECURSION = YES;
				CLANG_WARN_INT_CONVERSION = YES;
				CLANG_WARN_NON_LITERAL_NULL_CONVERSION = YES;
				CLANG_WARN_OBJC_IMPLICIT_RETAIN_SELF = YES;
				CLANG_WARN_OBJC_LITERAL_CONVERSION = YES;
				CLANG_WARN_OBJC_ROOT_CLASS = YES_ERROR;
				CLANG_WARN_RANGE_LOOP_ANALYSIS = YES;
				CLANG_WARN_STRICT_PROTOTYPES = YES;
				CLANG_WARN_SUSPICIOUS_MOVE = YES;
				CLANG_WARN_UNGUARDED_AVAILABILITY = YES_AGGRESSIVE;
				CLANG_WARN_UNREACHABLE_CODE = YES;
				CLANG_WARN__DUPLICATE_METHOD_MATCH = YES;
				CODE_SIGN_IDENTITY = "iPhone Developer";
				COPY_PHASE_STRIP = NO;
				DEBUG_INFORMATION_FORMAT = dwarf;
				ENABLE_STRICT_OBJC_MSGSEND = YES;
				ENABLE_TESTABILITY = YES;
				GCC_C_LANGUAGE_STANDARD = gnu11;
				GCC_DYNAMIC_NO_PIC = NO;
				GCC_NO_COMMON_BLOCKS = YES;
				GCC_OPTIMIZATION_LEVEL = 0;
				GCC_PREPROCESSOR_DEFINITIONS = (
					"DEBUG=1",
					"$(inherited)",
				);
				GCC_WARN_64_TO_32_BIT_CONVERSION = YES;
				GCC_WARN_ABOUT_RETURN_TYPE = YES_ERROR;
				GCC_WARN_UNDECLARED_SELECTOR = YES;
				GCC_WARN_UNINITIALIZED_AUTOS = YES_AGGRESSIVE;
				GCC_WARN_UNUSED_FUNCTION = YES;
				GCC_WARN_UNUSED_VARIABLE = YES;
				IPHONEOS_DEPLOYMENT_TARGET = 12.1;
				MTL_ENABLE_DEBUG_INFO = INCLUDE_SOURCE;
				MTL_FAST_MATH = YES;
				ONLY_ACTIVE_ARCH = YES;
				SDKROOT = iphoneos;
				SWIFT_ACTIVE_COMPILATION_CONDITIONS = DEBUG;
				SWIFT_OPTIMIZATION_LEVEL = "-Onone";
			};
			name = Debug;
		};
		FAEC1CC5223ACF5F00515748 /* Release */ = {
			isa = XCBuildConfiguration;
			buildSettings = {
				ALWAYS_SEARCH_USER_PATHS = NO;
				CLANG_ANALYZER_NONNULL = YES;
				CLANG_ANALYZER_NUMBER_OBJECT_CONVERSION = YES_AGGRESSIVE;
				CLANG_CXX_LANGUAGE_STANDARD = "gnu++14";
				CLANG_CXX_LIBRARY = "libc++";
				CLANG_ENABLE_MODULES = YES;
				CLANG_ENABLE_OBJC_ARC = YES;
				CLANG_ENABLE_OBJC_WEAK = YES;
				CLANG_WARN_BLOCK_CAPTURE_AUTORELEASING = YES;
				CLANG_WARN_BOOL_CONVERSION = YES;
				CLANG_WARN_COMMA = YES;
				CLANG_WARN_CONSTANT_CONVERSION = YES;
				CLANG_WARN_DEPRECATED_OBJC_IMPLEMENTATIONS = YES;
				CLANG_WARN_DIRECT_OBJC_ISA_USAGE = YES_ERROR;
				CLANG_WARN_DOCUMENTATION_COMMENTS = YES;
				CLANG_WARN_EMPTY_BODY = YES;
				CLANG_WARN_ENUM_CONVERSION = YES;
				CLANG_WARN_INFINITE_RECURSION = YES;
				CLANG_WARN_INT_CONVERSION = YES;
				CLANG_WARN_NON_LITERAL_NULL_CONVERSION = YES;
				CLANG_WARN_OBJC_IMPLICIT_RETAIN_SELF = YES;
				CLANG_WARN_OBJC_LITERAL_CONVERSION = YES;
				CLANG_WARN_OBJC_ROOT_CLASS = YES_ERROR;
				CLANG_WARN_RANGE_LOOP_ANALYSIS = YES;
				CLANG_WARN_STRICT_PROTOTYPES = YES;
				CLANG_WARN_SUSPICIOUS_MOVE = YES;
				CLANG_WARN_UNGUARDED_AVAILABILITY = YES_AGGRESSIVE;
				CLANG_WARN_UNREACHABLE_CODE = YES;
				CLANG_WARN__DUPLICATE_METHOD_MATCH = YES;
				CODE_SIGN_IDENTITY = "iPhone Developer";
				COPY_PHASE_STRIP = NO;
				DEBUG_INFORMATION_FORMAT = "dwarf-with-dsym";
				ENABLE_NS_ASSERTIONS = NO;
				ENABLE_STRICT_OBJC_MSGSEND = YES;
				GCC_C_LANGUAGE_STANDARD = gnu11;
				GCC_NO_COMMON_BLOCKS = YES;
				GCC_WARN_64_TO_32_BIT_CONVERSION = YES;
				GCC_WARN_ABOUT_RETURN_TYPE = YES_ERROR;
				GCC_WARN_UNDECLARED_SELECTOR = YES;
				GCC_WARN_UNINITIALIZED_AUTOS = YES_AGGRESSIVE;
				GCC_WARN_UNUSED_FUNCTION = YES;
				GCC_WARN_UNUSED_VARIABLE = YES;
				IPHONEOS_DEPLOYMENT_TARGET = 12.1;
				MTL_ENABLE_DEBUG_INFO = NO;
				MTL_FAST_MATH = YES;
				SDKROOT = iphoneos;
				SWIFT_COMPILATION_MODE = wholemodule;
				SWIFT_OPTIMIZATION_LEVEL = "-O";
				VALIDATE_PRODUCT = YES;
			};
			name = Release;
		};
		FAEC1CC7223ACF5F00515748 /* Debug */ = {
			isa = XCBuildConfiguration;
			buildSettings = {
				ASSETCATALOG_COMPILER_APPICON_NAME = AppIcon;
				CODE_SIGN_STYLE = Automatic;
				INFOPLIST_FILE = ProyectoCM/Info.plist;
				LD_RUNPATH_SEARCH_PATHS = (
					"$(inherited)",
					"@executable_path/Frameworks",
				);
				PRODUCT_BUNDLE_IDENTIFIER = Poyecto;
				PRODUCT_NAME = "$(TARGET_NAME)";
				SWIFT_VERSION = 4.2;
				TARGETED_DEVICE_FAMILY = "1,2";
			};
			name = Debug;
		};
		FAEC1CC8223ACF5F00515748 /* Release */ = {
			isa = XCBuildConfiguration;
			buildSettings = {
				ASSETCATALOG_COMPILER_APPICON_NAME = AppIcon;
				CODE_SIGN_STYLE = Automatic;
				INFOPLIST_FILE = ProyectoCM/Info.plist;
				LD_RUNPATH_SEARCH_PATHS = (
					"$(inherited)",
					"@executable_path/Frameworks",
				);
				PRODUCT_BUNDLE_IDENTIFIER = Poyecto;
				PRODUCT_NAME = "$(TARGET_NAME)";
				SWIFT_VERSION = 4.2;
				TARGETED_DEVICE_FAMILY = "1,2";
			};
			name = Release;
		};
/* End XCBuildConfiguration section */

/* Begin XCConfigurationList section */
		FAEC1CAF223ACF5E00515748 /* Build configuration list for PBXProject "ProyectoCM" */ = {
			isa = XCConfigurationList;
			buildConfigurations = (
				FAEC1CC4223ACF5F00515748 /* Debug */,
				FAEC1CC5223ACF5F00515748 /* Release */,
			);
			defaultConfigurationIsVisible = 0;
			defaultConfigurationName = Release;
		};
		FAEC1CC6223ACF5F00515748 /* Build configuration list for PBXNativeTarget "ProyectoCM" */ = {
			isa = XCConfigurationList;
			buildConfigurations = (
				FAEC1CC7223ACF5F00515748 /* Debug */,
				FAEC1CC8223ACF5F00515748 /* Release */,
			);
			defaultConfigurationIsVisible = 0;
			defaultConfigurationName = Release;
		};
/* End XCConfigurationList section */
	};
	rootObject = FAEC1CAC223ACF5E00515748 /* Project object */;
}
